
Microsoft Visual Studio Solution File, Format Version 12.00
# Visual Studio Version 17
VisualStudioVersion = 17.9.34728.123
MinimumVisualStudioVersion = 10.0.40219.1
Project("{9A19103F-16F7-4668-BE54-9A1E7A4F7556}") = "HeyGPTWeb.App", "HeyGPTWeb.App\HeyGPTWeb.App.csproj", "{309BB275-9902-42BE-AC91-5D338C194C4E}"
EndProject
Project("{9A19103F-16F7-4668-BE54-9A1E7A4F7556}") = "HeyGPTWeb.Core", "HeyGPTWeb.Core\HeyGPTWeb.Core.csproj", "{184CFB6C-2091-44FA-9D7E-440826AC068B}"
EndProject
Project("{9A19103F-16F7-4668-BE54-9A1E7A4F7556}") = "AndGPT.Core", "..\..\libraries\AndGPT.Core\src\AndGPT.Core.csproj", "{EADC23E4-2D6D-434A-B8DE-BBECBBFA5BB5}"
EndProject
Project("{9A19103F-16F7-4668-BE54-9A1E7A4F7556}") = "AndGPT.UI.Core", "..\..\libraries\AndGPT.UI.Core\src\AndGPT.UI.Core.csproj", "{1594EF61-C447-4EDC-A3AF-94199A1542FE}"
EndProject
Global
	GlobalSection(SolutionConfigurationPlatforms) = preSolution
		Debug|arm64 = Debug|arm64
		Debug|x64 = Debug|x64
		Release|arm64 = Release|arm64
		Release|x64 = Release|x64
	EndGlobalSection
	GlobalSection(ProjectConfigurationPlatforms) = postSolution
		{309BB275-9902-42BE-AC91-5D338C194C4E}.Debug|arm64.ActiveCfg = Debug|arm64
		{309BB275-9902-42BE-AC91-5D338C194C4E}.Debug|arm64.Build.0 = Debug|arm64
		{309BB275-9902-42BE-AC91-5D338C194C4E}.Debug|arm64.Deploy.0 = Debug|arm64
		{309BB275-9902-42BE-AC91-5D338C194C4E}.Debug|x64.ActiveCfg = Debug|x64
		{309BB275-9902-42BE-AC91-5D338C194C4E}.Debug|x64.Build.0 = Debug|x64
		{309BB275-9902-42BE-AC91-5D338C194C4E}.Debug|x64.Deploy.0 = Debug|x64
		{309BB275-9902-42BE-AC91-5D338C194C4E}.Release|arm64.ActiveCfg = Release|arm64
		{309BB275-9902-42BE-AC91-5D338C194C4E}.Release|arm64.Build.0 = Release|arm64
		{309BB275-9902-42BE-AC91-5D338C194C4E}.Release|arm64.Deploy.0 = Release|arm64
		{309BB275-9902-42BE-AC91-5D338C194C4E}.Release|x64.ActiveCfg = Release|x64
		{309BB275-9902-42BE-AC91-5D338C194C4E}.Release|x64.Build.0 = Release|x64
		{309BB275-9902-42BE-AC91-5D338C194C4E}.Release|x64.Deploy.0 = Release|x64
		{184CFB6C-2091-44FA-9D7E-440826AC068B}.Debug|arm64.ActiveCfg = Debug|arm64
		{184CFB6C-2091-44FA-9D7E-440826AC068B}.Debug|arm64.Build.0 = Debug|arm64
		{184CFB6C-2091-44FA-9D7E-440826AC068B}.Debug|x64.ActiveCfg = Debug|x64
		{184CFB6C-2091-44FA-9D7E-440826AC068B}.Debug|x64.Build.0 = Debug|x64
		{184CFB6C-2091-44FA-9D7E-440826AC068B}.Release|arm64.ActiveCfg = Release|arm64
		{184CFB6C-2091-44FA-9D7E-440826AC068B}.Release|arm64.Build.0 = Release|arm64
		{184CFB6C-2091-44FA-9D7E-440826AC068B}.Release|x64.ActiveCfg = Release|x64
		{184CFB6C-2091-44FA-9D7E-440826AC068B}.Release|x64.Build.0 = Release|x64
		{EADC23E4-2D6D-434A-B8DE-BBECBBFA5BB5}.Debug|arm64.ActiveCfg = Debug|arm64
		{EADC23E4-2D6D-434A-B8DE-BBECBBFA5BB5}.Debug|arm64.Build.0 = Debug|arm64
		{EADC23E4-2D6D-434A-B8DE-BBECBBFA5BB5}.Debug|x64.ActiveCfg = Debug|x64
		{EADC23E4-2D6D-434A-B8DE-BBECBBFA5BB5}.Debug|x64.Build.0 = Debug|x64
		{EADC23E4-2D6D-434A-B8DE-BBECBBFA5BB5}.Release|arm64.ActiveCfg = Release|arm64
		{EADC23E4-2D6D-434A-B8DE-BBECBBFA5BB5}.Release|arm64.Build.0 = Release|arm64
		{EADC23E4-2D6D-434A-B8DE-BBECBBFA5BB5}.Release|x64.ActiveCfg = Release|x64
		{EADC23E4-2D6D-434A-B8DE-BBECBBFA5BB5}.Release|x64.Build.0 = Release|x64
		{1594EF61-C447-4EDC-A3AF-94199A1542FE}.Debug|arm64.ActiveCfg = Debug|arm64
		{1594EF61-C447-4EDC-A3AF-94199A1542FE}.Debug|arm64.Build.0 = Debug|arm64
		{1594EF61-C447-4EDC-A3AF-94199A1542FE}.Debug|x64.ActiveCfg = Debug|x64
		{1594EF61-C447-4EDC-A3AF-94199A1542FE}.Debug|x64.Build.0 = Debug|x64
		{1594EF61-C447-4EDC-A3AF-94199A1542FE}.Release|arm64.ActiveCfg = Release|arm64
		{1594EF61-C447-4EDC-A3AF-94199A1542FE}.Release|arm64.Build.0 = Release|arm64
		{1594EF61-C447-4EDC-A3AF-94199A1542FE}.Release|x64.ActiveCfg = Release|x64
		{1594EF61-C447-4EDC-A3AF-94199A1542FE}.Release|x64.Build.0 = Release|x64
	EndGlobalSection
	GlobalSection(SolutionProperties) = preSolution
		HideSolutionNode = FALSE
	EndGlobalSection
	GlobalSection(ExtensibilityGlobals) = postSolution
		SolutionGuid = {EF044859-D363-43C1-AEF6-39B4EBA8279A}
	EndGlobalSection
EndGlobal
